
Microsoft Visual Studio Solution File, Format Version 12.00
# Visual Studio Version 17
VisualStudioVersion = 17.5.002.0
MinimumVisualStudioVersion = 10.0.40219.1
Project("{9A19103F-16F7-4668-BE54-9A1E7A4F7556}") = "06_TreeDisplay", "06_TreeDisplay.csproj", "{F285016B-9689-4011-A1D7-860DF26C5611}"
EndProject
Global
	GlobalSection(SolutionConfigurationPlatforms) = preSolution
		Debug|Any CPU = Debug|Any CPU
		Release|Any CPU = Release|Any CPU
	EndGlobalSection
	GlobalSection(ProjectConfigurationPlatforms) = postSolution
		{F285016B-9689-4011-A1D7-860DF26C5611}.Debug|Any CPU.ActiveCfg = Debug|Any CPU
		{F285016B-9689-4011-A1D7-860DF26C5611}.Debug|Any CPU.Build.0 = Debug|Any CPU
		{F285016B-9689-4011-A1D7-860DF26C5611}.Release|Any CPU.ActiveCfg = Release|Any CPU
		{F285016B-9689-4011-A1D7-860DF26C5611}.Release|Any CPU.Build.0 = Release|Any CPU
	EndGlobalSection
	GlobalSection(SolutionProperties) = preSolution
		HideSolutionNode = FALSE
	EndGlobalSection
	GlobalSection(ExtensibilityGlobals) = postSolution
		SolutionGuid = {ADA30C26-1EEB-4096-B4E0-1C65B613E004}
	EndGlobalSection
EndGlobal
